
Microsoft Visual Studio Solution File, Format Version 12.00
# Visual Studio Version 17
VisualStudioVersion = 17.5.33424.131
MinimumVisualStudioVersion = 10.0.40219.1
Project("{FAE04EC0-301F-11D3-BF4B-00C04F79EFBC}") = "BIMiconToolbar", "BIMiconToolbar.csproj", "{E78D519D-E550-49E4-BC61-8CA356163B4E}"
EndProject
Project("{930C7802-8A8C-48F9-8165-68863BCCD9DD}") = "SetupBIMiconToolbar", "SetupBIMiconToolbar\SetupBIMiconToolbar.wixproj", "{F4BC3150-CC61-4D31-A8E6-831A9CC597F1}"
EndProject
Project("{FAE04EC0-301F-11D3-BF4B-00C04F79EFBC}") = "BIMiconUILibrary", "..\BIMiconUILibrary\BIMiconUILibrary.csproj", "{6794AA50-EDCF-43E8-8968-31DAB5547CC1}"
EndProject
Global
	GlobalSection(SolutionConfigurationPlatforms) = preSolution
		2019 Debug|Any CPU = 2019 Debug|Any CPU
		2019 Debug|x64 = 2019 Debug|x64
		2019 Release|Any CPU = 2019 Release|Any CPU
		2019 Release|x64 = 2019 Release|x64
		2020 Debug|Any CPU = 2020 Debug|Any CPU
		2020 Debug|x64 = 2020 Debug|x64
		2020 Release|Any CPU = 2020 Release|Any CPU
		2020 Release|x64 = 2020 Release|x64
		2021 Debug|Any CPU = 2021 Debug|Any CPU
		2021 Debug|x64 = 2021 Debug|x64
		2021 Release|Any CPU = 2021 Release|Any CPU
		2021 Release|x64 = 2021 Release|x64
		2022 Debug|Any CPU = 2022 Debug|Any CPU
		2022 Debug|x64 = 2022 Debug|x64
		2022 Release|Any CPU = 2022 Release|Any CPU
		2022 Release|x64 = 2022 Release|x64
		2023 Debug|Any CPU = 2023 Debug|Any CPU
		2023 Debug|x64 = 2023 Debug|x64
		2023 Release|Any CPU = 2023 Release|Any CPU
		2023 Release|x64 = 2023 Release|x64
		2024 Debug|Any CPU = 2024 Debug|Any CPU
		2024 Debug|x64 = 2024 Debug|x64
		2024 Release|Any CPU = 2024 Release|Any CPU
		2024 Release|x64 = 2024 Release|x64
		Debug|Any CPU = Debug|Any CPU
		Debug|x64 = Debug|x64
		Release|Any CPU = Release|Any CPU
		Release|x64 = Release|x64
	EndGlobalSection
	GlobalSection(ProjectConfigurationPlatforms) = postSolution
		{E78D519D-E550-49E4-BC61-8CA356163B4E}.2019 Debug|Any CPU.ActiveCfg = 2019 Debug|x64
		{E78D519D-E550-49E4-BC61-8CA356163B4E}.2019 Debug|Any CPU.Build.0 = 2019 Debug|x64
		{E78D519D-E550-49E4-BC61-8CA356163B4E}.2019 Debug|x64.ActiveCfg = 2019 Debug|x64
		{E78D519D-E550-49E4-BC61-8CA356163B4E}.2019 Debug|x64.Build.0 = 2019 Debug|x64
		{E78D519D-E550-49E4-BC61-8CA356163B4E}.2019 Release|Any CPU.ActiveCfg = 2019 Release|x64
		{E78D519D-E550-49E4-BC61-8CA356163B4E}.2019 Release|Any CPU.Build.0 = 2019 Release|x64
		{E78D519D-E550-49E4-BC61-8CA356163B4E}.2019 Release|x64.ActiveCfg = 2019 Release|x64
		{E78D519D-E550-49E4-BC61-8CA356163B4E}.2019 Release|x64.Build.0 = 2019 Release|x64
		{E78D519D-E550-49E4-BC61-8CA356163B4E}.2020 Debug|Any CPU.ActiveCfg = 2020 Debug|x64
		{E78D519D-E550-49E4-BC61-8CA356163B4E}.2020 Debug|Any CPU.Build.0 = 2020 Debug|x64
		{E78D519D-E550-49E4-BC61-8CA356163B4E}.2020 Debug|x64.ActiveCfg = 2020 Debug|x64
		{E78D519D-E550-49E4-BC61-8CA356163B4E}.2020 Debug|x64.Build.0 = 2020 Debug|x64
		{E78D519D-E550-49E4-BC61-8CA356163B4E}.2020 Release|Any CPU.ActiveCfg = 2020 Release|x64
		{E78D519D-E550-49E4-BC61-8CA356163B4E}.2020 Release|Any CPU.Build.0 = 2020 Release|x64
		{E78D519D-E550-49E4-BC61-8CA356163B4E}.2020 Release|x64.ActiveCfg = 2020 Release|x64
		{E78D519D-E550-49E4-BC61-8CA356163B4E}.2020 Release|x64.Build.0 = 2020 Release|x64
		{E78D519D-E550-49E4-BC61-8CA356163B4E}.2021 Debug|Any CPU.ActiveCfg = 2021 Debug|x64
		{E78D519D-E550-49E4-BC61-8CA356163B4E}.2021 Debug|Any CPU.Build.0 = 2021 Debug|x64
		{E78D519D-E550-49E4-BC61-8CA356163B4E}.2021 Debug|x64.ActiveCfg = 2021 Debug|x64
		{E78D519D-E550-49E4-BC61-8CA356163B4E}.2021 Debug|x64.Build.0 = 2021 Debug|x64
		{E78D519D-E550-49E4-BC61-8CA356163B4E}.2021 Release|Any CPU.ActiveCfg = 2021 Release|x64
		{E78D519D-E550-49E4-BC61-8CA356163B4E}.2021 Release|Any CPU.Build.0 = 2021 Release|x64
		{E78D519D-E550-49E4-BC61-8CA356163B4E}.2021 Release|x64.ActiveCfg = 2021 Release|x64
		{E78D519D-E550-49E4-BC61-8CA356163B4E}.2021 Release|x64.Build.0 = 2021 Release|x64
		{E78D519D-E550-49E4-BC61-8CA356163B4E}.2022 Debug|Any CPU.ActiveCfg = 2022 Debug|x64
		{E78D519D-E550-49E4-BC61-8CA356163B4E}.2022 Debug|Any CPU.Build.0 = 2022 Debug|x64
		{E78D519D-E550-49E4-BC61-8CA356163B4E}.2022 Debug|x64.ActiveCfg = 2022 Debug|x64
		{E78D519D-E550-49E4-BC61-8CA356163B4E}.2022 Debug|x64.Build.0 = 2022 Debug|x64
		{E78D519D-E550-49E4-BC61-8CA356163B4E}.2022 Release|Any CPU.ActiveCfg = 2022 Release|x64
		{E78D519D-E550-49E4-BC61-8CA356163B4E}.2022 Release|Any CPU.Build.0 = 2022 Release|x64
		{E78D519D-E550-49E4-BC61-8CA356163B4E}.2022 Release|x64.ActiveCfg = 2022 Release|x64
		{E78D519D-E550-49E4-BC61-8CA356163B4E}.2022 Release|x64.Build.0 = 2022 Release|x64
		{E78D519D-E550-49E4-BC61-8CA356163B4E}.2023 Debug|Any CPU.ActiveCfg = 2023 Debug|x64
		{E78D519D-E550-49E4-BC61-8CA356163B4E}.2023 Debug|Any CPU.Build.0 = 2023 Debug|x64
		{E78D519D-E550-49E4-BC61-8CA356163B4E}.2023 Debug|x64.ActiveCfg = 2023 Debug|x64
		{E78D519D-E550-49E4-BC61-8CA356163B4E}.2023 Debug|x64.Build.0 = 2023 Debug|x64
		{E78D519D-E550-49E4-BC61-8CA356163B4E}.2023 Release|Any CPU.ActiveCfg = 2023 Release|x64
		{E78D519D-E550-49E4-BC61-8CA356163B4E}.2023 Release|Any CPU.Build.0 = 2023 Release|x64
		{E78D519D-E550-49E4-BC61-8CA356163B4E}.2023 Release|x64.ActiveCfg = 2023 Release|x64
		{E78D519D-E550-49E4-BC61-8CA356163B4E}.2023 Release|x64.Build.0 = 2023 Release|x64
		{E78D519D-E550-49E4-BC61-8CA356163B4E}.2024 Debug|Any CPU.ActiveCfg = 2024 Debug|x64
		{E78D519D-E550-49E4-BC61-8CA356163B4E}.2024 Debug|Any CPU.Build.0 = 2024 Debug|x64
		{E78D519D-E550-49E4-BC61-8CA356163B4E}.2024 Debug|x64.ActiveCfg = 2024 Debug|x64
		{E78D519D-E550-49E4-BC61-8CA356163B4E}.2024 Debug|x64.Build.0 = 2024 Debug|x64
		{E78D519D-E550-49E4-BC61-8CA356163B4E}.2024 Release|Any CPU.ActiveCfg = 2024 Release|x64
		{E78D519D-E550-49E4-BC61-8CA356163B4E}.2024 Release|Any CPU.Build.0 = 2024 Release|x64
		{E78D519D-E550-49E4-BC61-8CA356163B4E}.2024 Release|x64.ActiveCfg = 2024 Release|x64
		{E78D519D-E550-49E4-BC61-8CA356163B4E}.2024 Release|x64.Build.0 = 2024 Release|x64
		{E78D519D-E550-49E4-BC61-8CA356163B4E}.Debug|Any CPU.ActiveCfg = 2019 Debug|x64
		{E78D519D-E550-49E4-BC61-8CA356163B4E}.Debug|Any CPU.Build.0 = 2019 Debug|x64
		{E78D519D-E550-49E4-BC61-8CA356163B4E}.Debug|x64.ActiveCfg = 2019 Debug|x64
		{E78D519D-E550-49E4-BC61-8CA356163B4E}.Debug|x64.Build.0 = 2019 Debug|x64
		{E78D519D-E550-49E4-BC61-8CA356163B4E}.Release|Any CPU.ActiveCfg = 2019 Release|x64
		{E78D519D-E550-49E4-BC61-8CA356163B4E}.Release|Any CPU.Build.0 = 2019 Release|x64
		{E78D519D-E550-49E4-BC61-8CA356163B4E}.Release|x64.ActiveCfg = 2019 Release|x64
		{E78D519D-E550-49E4-BC61-8CA356163B4E}.Release|x64.Build.0 = 2019 Release|x64
		{F4BC3150-CC61-4D31-A8E6-831A9CC597F1}.2019 Debug|Any CPU.ActiveCfg = Debug|x86
		{F4BC3150-CC61-4D31-A8E6-831A9CC597F1}.2019 Debug|x64.ActiveCfg = Debug|x86
		{F4BC3150-CC61-4D31-A8E6-831A9CC597F1}.2019 Release|Any CPU.ActiveCfg = Release|x86
		{F4BC3150-CC61-4D31-A8E6-831A9CC597F1}.2019 Release|x64.ActiveCfg = Release|x86
		{F4BC3150-CC61-4D31-A8E6-831A9CC597F1}.2019 Release|x64.Build.0 = Release|x86
		{F4BC3150-CC61-4D31-A8E6-831A9CC597F1}.2020 Debug|Any CPU.ActiveCfg = Debug|x86
		{F4BC3150-CC61-4D31-A8E6-831A9CC597F1}.2020 Debug|x64.ActiveCfg = Debug|x86
		{F4BC3150-CC61-4D31-A8E6-831A9CC597F1}.2020 Release|Any CPU.ActiveCfg = Release|x86
		{F4BC3150-CC61-4D31-A8E6-831A9CC597F1}.2020 Release|x64.ActiveCfg = Release|x86
		{F4BC3150-CC61-4D31-A8E6-831A9CC597F1}.2020 Release|x64.Build.0 = Release|x86
		{F4BC3150-CC61-4D31-A8E6-831A9CC597F1}.2021 Debug|Any CPU.ActiveCfg = Debug|x86
		{F4BC3150-CC61-4D31-A8E6-831A9CC597F1}.2021 Debug|x64.ActiveCfg = Debug|x86
		{F4BC3150-CC61-4D31-A8E6-831A9CC597F1}.2021 Release|Any CPU.ActiveCfg = Release|x86
		{F4BC3150-CC61-4D31-A8E6-831A9CC597F1}.2021 Release|x64.ActiveCfg = Release|x86
		{F4BC3150-CC61-4D31-A8E6-831A9CC597F1}.2021 Release|x64.Build.0 = Release|x86
		{F4BC3150-CC61-4D31-A8E6-831A9CC597F1}.2022 Debug|Any CPU.ActiveCfg = Debug|x86
		{F4BC3150-CC61-4D31-A8E6-831A9CC597F1}.2022 Debug|x64.ActiveCfg = Debug|x86
		{F4BC3150-CC61-4D31-A8E6-831A9CC597F1}.2022 Release|Any CPU.ActiveCfg = Release|x86
		{F4BC3150-CC61-4D31-A8E6-831A9CC597F1}.2022 Release|x64.ActiveCfg = Release|x86
		{F4BC3150-CC61-4D31-A8E6-831A9CC597F1}.2022 Release|x64.Build.0 = Release|x86
		{F4BC3150-CC61-4D31-A8E6-831A9CC597F1}.2023 Debug|Any CPU.ActiveCfg = Debug|x86
		{F4BC3150-CC61-4D31-A8E6-831A9CC597F1}.2023 Debug|x64.ActiveCfg = Debug|x86
		{F4BC3150-CC61-4D31-A8E6-831A9CC597F1}.2023 Release|Any CPU.ActiveCfg = Release|x86
		{F4BC3150-CC61-4D31-A8E6-831A9CC597F1}.2023 Release|x64.ActiveCfg = Release|x86
		{F4BC3150-CC61-4D31-A8E6-831A9CC597F1}.2023 Release|x64.Build.0 = Release|x86
		{F4BC3150-CC61-4D31-A8E6-831A9CC597F1}.2024 Debug|Any CPU.ActiveCfg = Debug|x86
		{F4BC3150-CC61-4D31-A8E6-831A9CC597F1}.2024 Debug|x64.ActiveCfg = Debug|x86
		{F4BC3150-CC61-4D31-A8E6-831A9CC597F1}.2024 Release|Any CPU.ActiveCfg = Release|x86
		{F4BC3150-CC61-4D31-A8E6-831A9CC597F1}.2024 Release|x64.ActiveCfg = Release|x86
		{F4BC3150-CC61-4D31-A8E6-831A9CC597F1}.2024 Release|x64.Build.0 = Release|x86
		{F4BC3150-CC61-4D31-A8E6-831A9CC597F1}.Debug|Any CPU.ActiveCfg = Debug|x86
		{F4BC3150-CC61-4D31-A8E6-831A9CC597F1}.Debug|x64.ActiveCfg = Debug|x86
		{F4BC3150-CC61-4D31-A8E6-831A9CC597F1}.Release|Any CPU.ActiveCfg = Release|x86
		{F4BC3150-CC61-4D31-A8E6-831A9CC597F1}.Release|x64.ActiveCfg = Release|x86
		{6794AA50-EDCF-43E8-8968-31DAB5547CC1}.2019 Debug|Any CPU.ActiveCfg = Debug|Any CPU
		{6794AA50-EDCF-43E8-8968-31DAB5547CC1}.2019 Debug|Any CPU.Build.0 = Debug|Any CPU
		{6794AA50-EDCF-43E8-8968-31DAB5547CC1}.2019 Debug|x64.ActiveCfg = Debug|Any CPU
		{6794AA50-EDCF-43E8-8968-31DAB5547CC1}.2019 Debug|x64.Build.0 = Debug|Any CPU
		{6794AA50-EDCF-43E8-8968-31DAB5547CC1}.2019 Release|Any CPU.ActiveCfg = Release|Any CPU
		{6794AA50-EDCF-43E8-8968-31DAB5547CC1}.2019 Release|Any CPU.Build.0 = Release|Any CPU
		{6794AA50-EDCF-43E8-8968-31DAB5547CC1}.2019 Release|x64.ActiveCfg = Release|Any CPU
		{6794AA50-EDCF-43E8-8968-31DAB5547CC1}.2019 Release|x64.Build.0 = Release|Any CPU
		{6794AA50-EDCF-43E8-8968-31DAB5547CC1}.2020 Debug|Any CPU.ActiveCfg = Debug|Any CPU
		{6794AA50-EDCF-43E8-8968-31DAB5547CC1}.2020 Debug|Any CPU.Build.0 = Debug|Any CPU
		{6794AA50-EDCF-43E8-8968-31DAB5547CC1}.2020 Debug|x64.ActiveCfg = Debug|Any CPU
		{6794AA50-EDCF-43E8-8968-31DAB5547CC1}.2020 Debug|x64.Build.0 = Debug|Any CPU
		{6794AA50-EDCF-43E8-8968-31DAB5547CC1}.2020 Release|Any CPU.ActiveCfg = Release|Any CPU
		{6794AA50-EDCF-43E8-8968-31DAB5547CC1}.2020 Release|Any CPU.Build.0 = Release|Any CPU
		{6794AA50-EDCF-43E8-8968-31DAB5547CC1}.2020 Release|x64.ActiveCfg = Release|Any CPU
		{6794AA50-EDCF-43E8-8968-31DAB5547CC1}.2020 Release|x64.Build.0 = Release|Any CPU
		{6794AA50-EDCF-43E8-8968-31DAB5547CC1}.2021 Debug|Any CPU.ActiveCfg = Debug|Any CPU
		{6794AA50-EDCF-43E8-8968-31DAB5547CC1}.2021 Debug|Any CPU.Build.0 = Debug|Any CPU
		{6794AA50-EDCF-43E8-8968-31DAB5547CC1}.2021 Debug|x64.ActiveCfg = Debug|Any CPU
		{6794AA50-EDCF-43E8-8968-31DAB5547CC1}.2021 Debug|x64.Build.0 = Debug|Any CPU
		{6794AA50-EDCF-43E8-8968-31DAB5547CC1}.2021 Release|Any CPU.ActiveCfg = Release|Any CPU
		{6794AA50-EDCF-43E8-8968-31DAB5547CC1}.2021 Release|Any CPU.Build.0 = Release|Any CPU
		{6794AA50-EDCF-43E8-8968-31DAB5547CC1}.2021 Release|x64.ActiveCfg = Release|Any CPU
		{6794AA50-EDCF-43E8-8968-31DAB5547CC1}.2021 Release|x64.Build.0 = Release|Any CPU
		{6794AA50-EDCF-43E8-8968-31DAB5547CC1}.2022 Debug|Any CPU.ActiveCfg = Debug|Any CPU
		{6794AA50-EDCF-43E8-8968-31DAB5547CC1}.2022 Debug|Any CPU.Build.0 = Debug|Any CPU
		{6794AA50-EDCF-43E8-8968-31DAB5547CC1}.2022 Debug|x64.ActiveCfg = Debug|Any CPU
		{6794AA50-EDCF-43E8-8968-31DAB5547CC1}.2022 Debug|x64.Build.0 = Debug|Any CPU
		{6794AA50-EDCF-43E8-8968-31DAB5547CC1}.2022 Release|Any CPU.ActiveCfg = Release|Any CPU
		{6794AA50-EDCF-43E8-8968-31DAB5547CC1}.2022 Release|Any CPU.Build.0 = Release|Any CPU
		{6794AA50-EDCF-43E8-8968-31DAB5547CC1}.2022 Release|x64.ActiveCfg = Release|Any CPU
		{6794AA50-EDCF-43E8-8968-31DAB5547CC1}.2022 Release|x64.Build.0 = Release|Any CPU
		{6794AA50-EDCF-43E8-8968-31DAB5547CC1}.2023 Debug|Any CPU.ActiveCfg = Debug|Any CPU
		{6794AA50-EDCF-43E8-8968-31DAB5547CC1}.2023 Debug|Any CPU.Build.0 = Debug|Any CPU
		{6794AA50-EDCF-43E8-8968-31DAB5547CC1}.2023 Debug|x64.ActiveCfg = Debug|Any CPU
		{6794AA50-EDCF-43E8-8968-31DAB5547CC1}.2023 Debug|x64.Build.0 = Debug|Any CPU
		{6794AA50-EDCF-43E8-8968-31DAB5547CC1}.2023 Release|Any CPU.ActiveCfg = Release|Any CPU
		{6794AA50-EDCF-43E8-8968-31DAB5547CC1}.2023 Release|Any CPU.Build.0 = Release|Any CPU
		{6794AA50-EDCF-43E8-8968-31DAB5547CC1}.2023 Release|x64.ActiveCfg = Release|Any CPU
		{6794AA50-EDCF-43E8-8968-31DAB5547CC1}.2023 Release|x64.Build.0 = Release|Any CPU
		{6794AA50-EDCF-43E8-8968-31DAB5547CC1}.2024 Debug|Any CPU.ActiveCfg = Debug|Any CPU
		{6794AA50-EDCF-43E8-8968-31DAB5547CC1}.2024 Debug|Any CPU.Build.0 = Debug|Any CPU
		{6794AA50-EDCF-43E8-8968-31DAB5547CC1}.2024 Debug|x64.ActiveCfg = Debug|Any CPU
		{6794AA50-EDCF-43E8-8968-31DAB5547CC1}.2024 Debug|x64.Build.0 = Debug|Any CPU
		{6794AA50-EDCF-43E8-8968-31DAB5547CC1}.2024 Release|Any CPU.ActiveCfg = Release|Any CPU
		{6794AA50-EDCF-43E8-8968-31DAB5547CC1}.2024 Release|Any CPU.Build.0 = Release|Any CPU
		{6794AA50-EDCF-43E8-8968-31DAB5547CC1}.2024 Release|x64.ActiveCfg = Release|Any CPU
		{6794AA50-EDCF-43E8-8968-31DAB5547CC1}.2024 Release|x64.Build.0 = Release|Any CPU
		{6794AA50-EDCF-43E8-8968-31DAB5547CC1}.Debug|Any CPU.ActiveCfg = Debug|Any CPU
		{6794AA50-EDCF-43E8-8968-31DAB5547CC1}.Debug|Any CPU.Build.0 = Debug|Any CPU
		{6794AA50-EDCF-43E8-8968-31DAB5547CC1}.Debug|x64.ActiveCfg = Debug|Any CPU
		{6794AA50-EDCF-43E8-8968-31DAB5547CC1}.Debug|x64.Build.0 = Debug|Any CPU
		{6794AA50-EDCF-43E8-8968-31DAB5547CC1}.Release|Any CPU.ActiveCfg = Release|Any CPU
		{6794AA50-EDCF-43E8-8968-31DAB5547CC1}.Release|Any CPU.Build.0 = Release|Any CPU
		{6794AA50-EDCF-43E8-8968-31DAB5547CC1}.Release|x64.ActiveCfg = Release|Any CPU
		{6794AA50-EDCF-43E8-8968-31DAB5547CC1}.Release|x64.Build.0 = Release|Any CPU
	EndGlobalSection
	GlobalSection(SolutionProperties) = preSolution
		HideSolutionNode = FALSE
	EndGlobalSection
	GlobalSection(ExtensibilityGlobals) = postSolution
		SolutionGuid = {83C69D1C-4DFF-4035-9824-09C856E09C03}
	EndGlobalSection
EndGlobal
